// !$*UTF8*$!
{
	archiveVersion = 1;
	classes = {
	};
	objectVersion = 50;
	objects = {

/* Begin PBXBuildFile section */
		AF63ABC1239BEFCD008BF372 /* AppDelegate.swift in Sources */ = {isa = PBXBuildFile; fileRef = AF63ABC0239BEFCD008BF372 /* AppDelegate.swift */; };
		AF63ABC3239BEFCD008BF372 /* SceneDelegate.swift in Sources */ = {isa = PBXBuildFile; fileRef = AF63ABC2239BEFCD008BF372 /* SceneDelegate.swift */; };
		AF63ABC5239BEFCD008BF372 /* ViewController.swift in Sources */ = {isa = PBXBuildFile; fileRef = AF63ABC4239BEFCD008BF372 /* ViewController.swift */; };
		AF63ABC8239BEFCD008BF372 /* Main.storyboard in Resources */ = {isa = PBXBuildFile; fileRef = AF63ABC6239BEFCD008BF372 /* Main.storyboard */; };
		AF63ABCA239BEFCE008BF372 /* Assets.xcassets in Resources */ = {isa = PBXBuildFile; fileRef = AF63ABC9239BEFCE008BF372 /* Assets.xcassets */; };
		AF63ABCD239BEFCE008BF372 /* LaunchScreen.storyboard in Resources */ = {isa = PBXBuildFile; fileRef = AF63ABCB239BEFCE008BF372 /* LaunchScreen.storyboard */; };
/* End PBXBuildFile section */

/* Begin PBXFileReference section */
		AF63ABBD239BEFCD008BF372 /* Sandbox-iOS.app */ = {isa = PBXFileReference; explicitFileType = wrapper.application; includeInIndex = 0; path = "Sandbox-iOS.app"; sourceTree = BUILT_PRODUCTS_DIR; };
		AF63ABC0239BEFCD008BF372 /* AppDelegate.swift */ = {isa = PBXFileReference; lastKnownFileType = sourcecode.swift; path = AppDelegate.swift; sourceTree = "<group>"; };
		AF63ABC2239BEFCD008BF372 /* SceneDelegate.swift */ = {isa = PBXFileReference; lastKnownFileType = sourcecode.swift; path = SceneDelegate.swift; sourceTree = "<group>"; };
		AF63ABC4239BEFCD008BF372 /* ViewController.swift */ = {isa = PBXFileReference; lastKnownFileType = sourcecode.swift; path = ViewController.swift; sourceTree = "<group>"; };
		AF63ABC7239BEFCD008BF372 /* Base */ = {isa = PBXFileReference; lastKnownFileType = file.storyboard; name = Base; path = Base.lproj/Main.storyboard; sourceTree = "<group>"; };
		AF63ABC9239BEFCE008BF372 /* Assets.xcassets */ = {isa = PBXFileReference; lastKnownFileType = folder.assetcatalog; path = Assets.xcassets; sourceTree = "<group>"; };
		AF63ABCC239BEFCE008BF372 /* Base */ = {isa = PBXFileReference; lastKnownFileType = file.storyboard; name = Base; path = Base.lproj/LaunchScreen.storyboard; sourceTree = "<group>"; };
		AF63ABCE239BEFCE008BF372 /* Info.plist */ = {isa = PBXFileReference; lastKnownFileType = text.plist.xml; path = Info.plist; sourceTree = "<group>"; };
/* End PBXFileReference section */

/* Begin PBXFrameworksBuildPhase section */
		AF63ABBA239BEFCD008BF372 /* Frameworks */ = {
			isa = PBXFrameworksBuildPhase;
			buildActionMask = 2147483647;
			files = (
			);
			runOnlyForDeploymentPostprocessing = 0;
		};
/* End PBXFrameworksBuildPhase section */

/* Begin PBXGroup section */
		AF63ABB4239BEFCD008BF372 = {
			isa = PBXGroup;
			children = (
				AF63ABBF239BEFCD008BF372 /* Sandbox-iOS */,
				AF63ABBE239BEFCD008BF372 /* Products */,
			);
			sourceTree = "<group>";
		};
		AF63ABBE239BEFCD008BF372 /* Products */ = {
			isa = PBXGroup;
			children = (
				AF63ABBD239BEFCD008BF372 /* Sandbox-iOS.app */,
			);
			name = Products;
			sourceTree = "<group>";
		};
		AF63ABBF239BEFCD008BF372 /* Sandbox-iOS */ = {
			isa = PBXGroup;
			children = (
				AF63ABC0239BEFCD008BF372 /* AppDelegate.swift */,
				AF63ABC2239BEFCD008BF372 /* SceneDelegate.swift */,
				AF63ABC4239BEFCD008BF372 /* ViewController.swift */,
				AF63ABC6239BEFCD008BF372 /* Main.storyboard */,
				AF63ABC9239BEFCE008BF372 /* Assets.xcassets */,
				AF63ABCB239BEFCE008BF372 /* LaunchScreen.storyboard */,
				AF63ABCE239BEFCE008BF372 /* Info.plist */,
			);
			path = "Sandbox-iOS";
			sourceTree = "<group>";
		};
/* End PBXGroup section */

/* Begin PBXNativeTarget section */
		AF63ABBC239BEFCD008BF372 /* Sandbox-iOS */ = {
			isa = PBXNativeTarget;
			buildConfigurationList = AF63ABD1239BEFCE008BF372 /* Build configuration list for PBXNativeTarget "Sandbox-iOS" */;
			buildPhases = (
				AF63ABB9239BEFCD008BF372 /* Sources */,
				AF63ABBA239BEFCD008BF372 /* Frameworks */,
				AF63ABBB239BEFCD008BF372 /* Resources */,
			);
			buildRules = (
			);
			dependencies = (
			);
			name = "Sandbox-iOS";
			productName = "Sandbox-iOS";
			productReference = AF63ABBD239BEFCD008BF372 /* Sandbox-iOS.app */;
			productType = "com.apple.product-type.application";
		};
/* End PBXNativeTarget section */

/* Begin PBXProject section */
		AF63ABB5239BEFCD008BF372 /* Project object */ = {
			isa = PBXProject;
			attributes = {
				LastSwiftUpdateCheck = 1120;
				LastUpgradeCheck = 1120;
				ORGANIZATIONNAME = beakhand;
				TargetAttributes = {
					AF63ABBC239BEFCD008BF372 = {
						CreatedOnToolsVersion = 11.2.1;
					};
				};
			};
			buildConfigurationList = AF63ABB8239BEFCD008BF372 /* Build configuration list for PBXProject "Sandbox-iOS" */;
			compatibilityVersion = "Xcode 9.3";
			developmentRegion = en;
			hasScannedForEncodings = 0;
			knownRegions = (
				en,
				Base,
			);
			mainGroup = AF63ABB4239BEFCD008BF372;
			productRefGroup = AF63ABBE239BEFCD008BF372 /* Products */;
			projectDirPath = "";
			projectRoot = "";
			targets = (
				AF63ABBC239BEFCD008BF372 /* Sandbox-iOS */,
			);
		};
/* End PBXProject section */

/* Begin PBXResourcesBuildPhase section */
		AF63ABBB239BEFCD008BF372 /* Resources */ = {
			isa = PBXResourcesBuildPhase;
			buildActionMask = 2147483647;
			files = (
				AF63ABCD239BEFCE008BF372 /* LaunchScreen.storyboard in Resources */,
				AF63ABCA239BEFCE008BF372 /* Assets.xcassets in Resources */,
				AF63ABC8239BEFCD008BF372 /* Main.storyboard in Resources */,
			);
			runOnlyForDeploymentPostprocessing = 0;
		};
/* End PBXResourcesBuildPhase section */

/* Begin PBXSourcesBuildPhase section */
		AF63ABB9239BEFCD008BF372 /* Sources */ = {
			isa = PBXSourcesBuildPhase;
			buildActionMask = 2147483647;
			files = (
				AF63ABC5239BEFCD008BF372 /* ViewController.swift in Sources */,
				AF63ABC1239BEFCD008BF372 /* AppDelegate.swift in Sources */,
				AF63ABC3239BEFCD008BF372 /* SceneDelegate.swift in Sources */,
			);
			runOnlyForDeploymentPostprocessing = 0;
		};
/* End PBXSourcesBuildPhase section */

/* Begin PBXVariantGroup section */
		AF63ABC6239BEFCD008BF372 /* Main.storyboard */ = {
			isa = PBXVariantGroup;
			children = (
				AF63ABC7239BEFCD008BF372 /* Base */,
			);
			name = Main.storyboard;
			sourceTree = "<group>";
		};
		AF63ABCB239BEFCE008BF372 /* LaunchScreen.storyboard */ = {
			isa = PBXVariantGroup;
			children = (
				AF63ABCC239BEFCE008BF372 /* Base */,
			);
			name = LaunchScreen.storyboard;
			sourceTree = "<group>";
		};
/* End PBXVariantGroup section */

/* Begin XCBuildConfiguration section */
		AF63ABCF239BEFCE008BF372 /* Debug */ = {
			isa = XCBuildConfiguration;
			buildSettings = {
				ALWAYS_SEARCH_USER_PATHS = NO;
				CLANG_ANALYZER_NONNULL = YES;
				CLANG_ANALYZER_NUMBER_OBJECT_CONVERSION = YES_AGGRESSIVE;
				CLANG_CXX_LANGUAGE_STANDARD = "gnu++14";
				CLANG_CXX_LIBRARY = "libc++";
				CLANG_ENABLE_MODULES = YES;
				CLANG_ENABLE_OBJC_ARC = YES;
				CLANG_ENABLE_OBJC_WEAK = YES;
				CLANG_WARN_BLOCK_CAPTURE_AUTORELEASING = YES;
				CLANG_WARN_BOOL_CONVERSION = YES;
				CLANG_WARN_COMMA = YES;
				CLANG_WARN_CONSTANT_CONVERSION = YES;
				CLANG_WARN_DEPRECATED_OBJC_IMPLEMENTATIONS = YES;
				CLANG_WARN_DIRECT_OBJC_ISA_USAGE = YES_ERROR;
				CLANG_WARN_DOCUMENTATION_COMMENTS = YES;
				CLANG_WARN_EMPTY_BODY = YES;
				CLANG_WARN_ENUM_CONVERSION = YES;
				CLANG_WARN_INFINITE_RECURSION = YES;
				CLANG_WARN_INT_CONVERSION = YES;
				CLANG_WARN_NON_LITERAL_NULL_CONVERSION = YES;
				CLANG_WARN_OBJC_IMPLICIT_RETAIN_SELF = YES;
				CLANG_WARN_OBJC_LITERAL_CONVERSION = YES;
				CLANG_WARN_OBJC_ROOT_CLASS = YES_ERROR;
				CLANG_WARN_RANGE_LOOP_ANALYSIS = YES;
				CLANG_WARN_STRICT_PROTOTYPES = YES;
				CLANG_WARN_SUSPICIOUS_MOVE = YES;
				CLANG_WARN_UNGUARDED_AVAILABILITY = YES_AGGRESSIVE;
				CLANG_WARN_UNREACHABLE_CODE = YES;
				CLANG_WARN__DUPLICATE_METHOD_MATCH = YES;
				COPY_PHASE_STRIP = NO;
				DEBUG_INFORMATION_FORMAT = dwarf;
				ENABLE_STRICT_OBJC_MSGSEND = YES;
				ENABLE_TESTABILITY = YES;
				GCC_C_LANGUAGE_STANDARD = gnu11;
				GCC_DYNAMIC_NO_PIC = NO;
				GCC_NO_COMMON_BLOCKS = YES;
				GCC_OPTIMIZATION_LEVEL = 0;
				GCC_PREPROCESSOR_DEFINITIONS = (
					"DEBUG=1",
					"$(inherited)",
				);
				GCC_WARN_64_TO_32_BIT_CONVERSION = YES;
				GCC_WARN_ABOUT_RETURN_TYPE = YES_ERROR;
				GCC_WARN_UNDECLARED_SELECTOR = YES;
				GCC_WARN_UNINITIALIZED_AUTOS = YES_AGGRESSIVE;
				GCC_WARN_UNUSED_FUNCTION = YES;
				GCC_WARN_UNUSED_VARIABLE = YES;
				IPHONEOS_DEPLOYMENT_TARGET = 13.2;
				MTL_ENABLE_DEBUG_INFO = INCLUDE_SOURCE;
				MTL_FAST_MATH = YES;
				ONLY_ACTIVE_ARCH = YES;
				SDKROOT = iphoneos;
				SWIFT_ACTIVE_COMPILATION_CONDITIONS = DEBUG;
				SWIFT_OPTIMIZATION_LEVEL = "-Onone";
			};
			name = Debug;
		};
		AF63ABD0239BEFCE008BF372 /* Release */ = {
			isa = XCBuildConfiguration;
			buildSettings = {
				ALWAYS_SEARCH_USER_PATHS = NO;
				CLANG_ANALYZER_NONNULL = YES;
				CLANG_ANALYZER_NUMBER_OBJECT_CONVERSION = YES_AGGRESSIVE;
				CLANG_CXX_LANGUAGE_STANDARD = "gnu++14";
				CLANG_CXX_LIBRARY = "libc++";
				CLANG_ENABLE_MODULES = YES;
				CLANG_ENABLE_OBJC_ARC = YES;
				CLANG_ENABLE_OBJC_WEAK = YES;
				CLANG_WARN_BLOCK_CAPTURE_AUTORELEASING = YES;
				CLANG_WARN_BOOL_CONVERSION = YES;
				CLANG_WARN_COMMA = YES;
				CLANG_WARN_CONSTANT_CONVERSION = YES;
				CLANG_WARN_DEPRECATED_OBJC_IMPLEMENTATIONS = YES;
				CLANG_WARN_DIRECT_OBJC_ISA_USAGE = YES_ERROR;
				CLANG_WARN_DOCUMENTATION_COMMENTS = YES;
				CLANG_WARN_EMPTY_BODY = YES;
				CLANG_WARN_ENUM_CONVERSION = YES;
				CLANG_WARN_INFINITE_RECURSION = YES;
				CLANG_WARN_INT_CONVERSION = YES;
				CLANG_WARN_NON_LITERAL_NULL_CONVERSION = YES;
				CLANG_WARN_OBJC_IMPLICIT_RETAIN_SELF = YES;
				CLANG_WARN_OBJC_LITERAL_CONVERSION = YES;
				CLANG_WARN_OBJC_ROOT_CLASS = YES_ERROR;
				CLANG_WARN_RANGE_LOOP_ANALYSIS = YES;
				CLANG_WARN_STRICT_PROTOTYPES = YES;
				CLANG_WARN_SUSPICIOUS_MOVE = YES;
				CLANG_WARN_UNGUARDED_AVAILABILITY = YES_AGGRESSIVE;
				CLANG_WARN_UNREACHABLE_CODE = YES;
				CLANG_WARN__DUPLICATE_METHOD_MATCH = YES;
				COPY_PHASE_STRIP = NO;
				DEBUG_INFORMATION_FORMAT = "dwarf-with-dsym";
				ENABLE_NS_ASSERTIONS = NO;
				ENABLE_STRICT_OBJC_MSGSEND = YES;
				GCC_C_LANGUAGE_STANDARD = gnu11;
				GCC_NO_COMMON_BLOCKS = YES;
				GCC_WARN_64_TO_32_BIT_CONVERSION = YES;
				GCC_WARN_ABOUT_RETURN_TYPE = YES_ERROR;
				GCC_WARN_UNDECLARED_SELECTOR = YES;
				GCC_WARN_UNINITIALIZED_AUTOS = YES_AGGRESSIVE;
				GCC_WARN_UNUSED_FUNCTION = YES;
				GCC_WARN_UNUSED_VARIABLE = YES;
				IPHONEOS_DEPLOYMENT_TARGET = 13.2;
				MTL_ENABLE_DEBUG_INFO = NO;
				MTL_FAST_MATH = YES;
				SDKROOT = iphoneos;
				SWIFT_COMPILATION_MODE = wholemodule;
				SWIFT_OPTIMIZATION_LEVEL = "-O";
				VALIDATE_PRODUCT = YES;
			};
			name = Release;
		};
		AF63ABD2239BEFCE008BF372 /* Debug */ = {
			isa = XCBuildConfiguration;
			buildSettings = {
				ASSETCATALOG_COMPILER_APPICON_NAME = AppIcon;
				CODE_SIGN_STYLE = Automatic;
				DEVELOPMENT_TEAM = 5DBB9P46DP;
				INFOPLIST_FILE = "Sandbox-iOS/Info.plist";
				LD_RUNPATH_SEARCH_PATHS = (
					"$(inherited)",
					"@executable_path/Frameworks",
				);
				PRODUCT_BUNDLE_IDENTIFIER = "com.beakhand.sandboxios.Sandbox-iOS";
				PRODUCT_NAME = "$(TARGET_NAME)";
				SWIFT_VERSION = 5.0;
				TARGETED_DEVICE_FAMILY = "1,2";
			};
			name = Debug;
		};
		AF63ABD3239BEFCE008BF372 /* Release */ = {
			isa = XCBuildConfiguration;
			buildSettings = {
				ASSETCATALOG_COMPILER_APPICON_NAME = AppIcon;
				CODE_SIGN_STYLE = Automatic;
				DEVELOPMENT_TEAM = 5DBB9P46DP;
				INFOPLIST_FILE = "Sandbox-iOS/Info.plist";
				LD_RUNPATH_SEARCH_PATHS = (
					"$(inherited)",
					"@executable_path/Frameworks",
				);
				PRODUCT_BUNDLE_IDENTIFIER = "com.beakhand.sandboxios.Sandbox-iOS";
				PRODUCT_NAME = "$(TARGET_NAME)";
				SWIFT_VERSION = 5.0;
				TARGETED_DEVICE_FAMILY = "1,2";
			};
			name = Release;
		};
/* End XCBuildConfiguration section */

/* Begin XCConfigurationList section */
		AF63ABB8239BEFCD008BF372 /* Build configuration list for PBXProject "Sandbox-iOS" */ = {
			isa = XCConfigurationList;
			buildConfigurations = (
				AF63ABCF239BEFCE008BF372 /* Debug */,
				AF63ABD0239BEFCE008BF372 /* Release */,
			);
			defaultConfigurationIsVisible = 0;
			defaultConfigurationName = Release;
		};
		AF63ABD1239BEFCE008BF372 /* Build configuration list for PBXNativeTarget "Sandbox-iOS" */ = {
			isa = XCConfigurationList;
			buildConfigurations = (
				AF63ABD2239BEFCE008BF372 /* Debug */,
				AF63ABD3239BEFCE008BF372 /* Release */,
			);
			defaultConfigurationIsVisible = 0;
			defaultConfigurationName = Release;
		};
/* End XCConfigurationList section */
	};
	rootObject = AF63ABB5239BEFCD008BF372 /* Project object */;
}
